Microsoft Visual Studio Solution File, Format Version 8.00
Project("{8BC9CEB8-8B4A-11D0-8D11-00A0C91BC942}") = "save_type", "save_type.vcproj", "{2EB090EC-BDD0-41E0-839C-7C9C85F949BE}"
	ProjectSection(ProjectDependencies) = postProject
	EndProjectSection
EndProject
Global
	GlobalSection(SolutionConfiguration) = preSolution
		Debug = Debug
		Release = Release
	EndGlobalSection
	GlobalSection(ProjectConfiguration) = postSolution
		{2EB090EC-BDD0-41E0-839C-7C9C85F949BE}.Debug.ActiveCfg = Debug|Win32
		{2EB090EC-BDD0-41E0-839C-7C9C85F949BE}.Debug.Build.0 = Debug|Win32
		{2EB090EC-BDD0-41E0-839C-7C9C85F949BE}.Release.ActiveCfg = Release|Win32
		{2EB090EC-BDD0-41E0-839C-7C9C85F949BE}.Release.Build.0 = Release|Win32
	EndGlobalSection
	GlobalSection(ExtensibilityGlobals) = postSolution
	EndGlobalSection
	GlobalSection(ExtensibilityAddIns) = postSolution
	EndGlobalSection
EndGlobal
